
Microsoft Visual Studio Solution File, Format Version 12.00
# Visual Studio Version 17
VisualStudioVersion = 17.2.32630.192
MinimumVisualStudioVersion = 10.0.40219.1
Project("{9A19103F-16F7-4668-BE54-9A1E7A4F7556}") = "Project2-34539476", "Project2\Project2-34539476.csproj", "{A3DB447E-C72A-49D4-8F5E-5334821EC1BB}"
EndProject
Global
	GlobalSection(SolutionConfigurationPlatforms) = preSolution
		Debug|Any CPU = Debug|Any CPU
		Release|Any CPU = Release|Any CPU
	EndGlobalSection
	GlobalSection(ProjectConfigurationPlatforms) = postSolution
		{A3DB447E-C72A-49D4-8F5E-5334821EC1BB}.Debug|Any CPU.ActiveCfg = Debug|Any CPU
		{A3DB447E-C72A-49D4-8F5E-5334821EC1BB}.Debug|Any CPU.Build.0 = Debug|Any CPU
		{A3DB447E-C72A-49D4-8F5E-5334821EC1BB}.Release|Any CPU.ActiveCfg = Release|Any CPU
		{A3DB447E-C72A-49D4-8F5E-5334821EC1BB}.Release|Any CPU.Build.0 = Release|Any CPU
	EndGlobalSection
	GlobalSection(SolutionProperties) = preSolution
		HideSolutionNode = FALSE
	EndGlobalSection
	GlobalSection(ExtensibilityGlobals) = postSolution
		SolutionGuid = {AF71CDFD-5A8F-4EA5-B25E-8C34E7EBB865}
	EndGlobalSection
EndGlobal
